
Microsoft Visual Studio Solution File, Format Version 12.00
# Visual Studio Version 16
VisualStudioVersion = 16.0.30320.27
MinimumVisualStudioVersion = 10.0.40219.1
Project("{2150E333-8FDC-42A3-9474-1A3956D46DE8}") = "Application", "Application", "{A848EDF3-C414-4D56-80CC-FC458A091EC6}"
EndProject
Project("{2150E333-8FDC-42A3-9474-1A3956D46DE8}") = "Domain", "Domain", "{16CE9A48-0BD6-4698-A1BD-ED71DCD7FAD6}"
EndProject
Project("{2150E333-8FDC-42A3-9474-1A3956D46DE8}") = "Infra.IoC", "Infra.IoC", "{57729174-3323-43F9-8DDB-946D36D4B2B3}"
EndProject
Project("{2150E333-8FDC-42A3-9474-1A3956D46DE8}") = "Infra.Data", "Infra.Data", "{A4F6BFE6-457D-4A4C-AA8B-2632108887FC}"
EndProject
Project("{2150E333-8FDC-42A3-9474-1A3956D46DE8}") = "Presentation", "Presentation", "{BF18E7EE-DC76-4BE0-8ABD-935168A06F8D}"
EndProject
Project("{9A19103F-16F7-4668-BE54-9A1E7A4F7556}") = "CleanArch.Domain", "CleanArch.Domain\CleanArch.Domain.csproj", "{F1769822-8930-44A9-9AD5-7E34D4878B02}"
EndProject
Project("{9A19103F-16F7-4668-BE54-9A1E7A4F7556}") = "CleanArch.Infra.Data", "CleanArch.Infra.Data\CleanArch.Infra.Data.csproj", "{C43BEF8A-7517-47CD-A5F8-364E1B1B933B}"
EndProject
Project("{9A19103F-16F7-4668-BE54-9A1E7A4F7556}") = "CleanArch.Mvc", "CleanArch.Mvc\CleanArch.Mvc.csproj", "{982AC1C5-F1A9-4CAE-A917-EF0F299BB192}"
EndProject
Project("{9A19103F-16F7-4668-BE54-9A1E7A4F7556}") = "CleanArch.Application", "CleanArch.Application\CleanArch.Application.csproj", "{F3A3D91E-1AC4-43B5-BED9-D9056C7765E4}"
EndProject
Project("{9A19103F-16F7-4668-BE54-9A1E7A4F7556}") = "CleanArch.Infra.IoC", "CleanArch.Infra.IoC\CleanArch.Infra.IoC.csproj", "{3CDFCEBC-6AED-4066-9356-3BFA27B0C015}"
EndProject
Project("{2150E333-8FDC-42A3-9474-1A3956D46DE8}") = "Infra.Bus", "Infra.Bus", "{5EED92B6-0501-46E7-AB36-C1768D2EFC73}"
EndProject
Project("{FAE04EC0-301F-11D3-BF4B-00C04F79EFBC}") = "CleanArch.Infra.Bus", "CleanArch.Infra.Bus\CleanArch.Infra.Bus.csproj", "{66CC33ED-AD14-4018-9209-A1F85253C088}"
EndProject
Project("{FAE04EC0-301F-11D3-BF4B-00C04F79EFBC}") = "CleanArch.Domain.Core", "CleanArch.Domain.Core\CleanArch.Domain.Core.csproj", "{0AB25DB9-03D3-46D7-830B-3A0C4DB9E1E6}"
EndProject
Project("{2150E333-8FDC-42A3-9474-1A3956D46DE8}") = "Api", "Api", "{0A2C7362-CF4A-4F50-8187-7D3C8271A030}"
EndProject
Project("{FAE04EC0-301F-11D3-BF4B-00C04F79EFBC}") = "CleanArch.Api", "CleanArch.Api\CleanArch.Api.csproj", "{68043609-6B6D-4453-AD53-5916C98ED6CE}"
EndProject
Global
	GlobalSection(SolutionConfigurationPlatforms) = preSolution
		Debug|Any CPU = Debug|Any CPU
		Release|Any CPU = Release|Any CPU
	EndGlobalSection
	GlobalSection(ProjectConfigurationPlatforms) = postSolution
		{F1769822-8930-44A9-9AD5-7E34D4878B02}.Debug|Any CPU.ActiveCfg = Debug|Any CPU
		{F1769822-8930-44A9-9AD5-7E34D4878B02}.Debug|Any CPU.Build.0 = Debug|Any CPU
		{F1769822-8930-44A9-9AD5-7E34D4878B02}.Release|Any CPU.ActiveCfg = Release|Any CPU
		{F1769822-8930-44A9-9AD5-7E34D4878B02}.Release|Any CPU.Build.0 = Release|Any CPU
		{C43BEF8A-7517-47CD-A5F8-364E1B1B933B}.Debug|Any CPU.ActiveCfg = Debug|Any CPU
		{C43BEF8A-7517-47CD-A5F8-364E1B1B933B}.Debug|Any CPU.Build.0 = Debug|Any CPU
		{C43BEF8A-7517-47CD-A5F8-364E1B1B933B}.Release|Any CPU.ActiveCfg = Release|Any CPU
		{C43BEF8A-7517-47CD-A5F8-364E1B1B933B}.Release|Any CPU.Build.0 = Release|Any CPU
		{982AC1C5-F1A9-4CAE-A917-EF0F299BB192}.Debug|Any CPU.ActiveCfg = Debug|Any CPU
		{982AC1C5-F1A9-4CAE-A917-EF0F299BB192}.Debug|Any CPU.Build.0 = Debug|Any CPU
		{982AC1C5-F1A9-4CAE-A917-EF0F299BB192}.Release|Any CPU.ActiveCfg = Release|Any CPU
		{982AC1C5-F1A9-4CAE-A917-EF0F299BB192}.Release|Any CPU.Build.0 = Release|Any CPU
		{F3A3D91E-1AC4-43B5-BED9-D9056C7765E4}.Debug|Any CPU.ActiveCfg = Debug|Any CPU
		{F3A3D91E-1AC4-43B5-BED9-D9056C7765E4}.Debug|Any CPU.Build.0 = Debug|Any CPU
		{F3A3D91E-1AC4-43B5-BED9-D9056C7765E4}.Release|Any CPU.ActiveCfg = Release|Any CPU
		{F3A3D91E-1AC4-43B5-BED9-D9056C7765E4}.Release|Any CPU.Build.0 = Release|Any CPU
		{3CDFCEBC-6AED-4066-9356-3BFA27B0C015}.Debug|Any CPU.ActiveCfg = Debug|Any CPU
		{3CDFCEBC-6AED-4066-9356-3BFA27B0C015}.Debug|Any CPU.Build.0 = Debug|Any CPU
		{3CDFCEBC-6AED-4066-9356-3BFA27B0C015}.Release|Any CPU.ActiveCfg = Release|Any CPU
		{3CDFCEBC-6AED-4066-9356-3BFA27B0C015}.Release|Any CPU.Build.0 = Release|Any CPU
		{66CC33ED-AD14-4018-9209-A1F85253C088}.Debug|Any CPU.ActiveCfg = Debug|Any CPU
		{66CC33ED-AD14-4018-9209-A1F85253C088}.Debug|Any CPU.Build.0 = Debug|Any CPU
		{66CC33ED-AD14-4018-9209-A1F85253C088}.Release|Any CPU.ActiveCfg = Release|Any CPU
		{66CC33ED-AD14-4018-9209-A1F85253C088}.Release|Any CPU.Build.0 = Release|Any CPU
		{0AB25DB9-03D3-46D7-830B-3A0C4DB9E1E6}.Debug|Any CPU.ActiveCfg = Debug|Any CPU
		{0AB25DB9-03D3-46D7-830B-3A0C4DB9E1E6}.Debug|Any CPU.Build.0 = Debug|Any CPU
		{0AB25DB9-03D3-46D7-830B-3A0C4DB9E1E6}.Release|Any CPU.ActiveCfg = Release|Any CPU
		{0AB25DB9-03D3-46D7-830B-3A0C4DB9E1E6}.Release|Any CPU.Build.0 = Release|Any CPU
		{68043609-6B6D-4453-AD53-5916C98ED6CE}.Debug|Any CPU.ActiveCfg = Debug|Any CPU
		{68043609-6B6D-4453-AD53-5916C98ED6CE}.Debug|Any CPU.Build.0 = Debug|Any CPU
		{68043609-6B6D-4453-AD53-5916C98ED6CE}.Release|Any CPU.ActiveCfg = Release|Any CPU
		{68043609-6B6D-4453-AD53-5916C98ED6CE}.Release|Any CPU.Build.0 = Release|Any CPU
	EndGlobalSection
	GlobalSection(SolutionProperties) = preSolution
		HideSolutionNode = FALSE
	EndGlobalSection
	GlobalSection(NestedProjects) = preSolution
		{F1769822-8930-44A9-9AD5-7E34D4878B02} = {16CE9A48-0BD6-4698-A1BD-ED71DCD7FAD6}
		{C43BEF8A-7517-47CD-A5F8-364E1B1B933B} = {A4F6BFE6-457D-4A4C-AA8B-2632108887FC}
		{982AC1C5-F1A9-4CAE-A917-EF0F299BB192} = {BF18E7EE-DC76-4BE0-8ABD-935168A06F8D}
		{F3A3D91E-1AC4-43B5-BED9-D9056C7765E4} = {A848EDF3-C414-4D56-80CC-FC458A091EC6}
		{3CDFCEBC-6AED-4066-9356-3BFA27B0C015} = {57729174-3323-43F9-8DDB-946D36D4B2B3}
		{66CC33ED-AD14-4018-9209-A1F85253C088} = {5EED92B6-0501-46E7-AB36-C1768D2EFC73}
		{0AB25DB9-03D3-46D7-830B-3A0C4DB9E1E6} = {16CE9A48-0BD6-4698-A1BD-ED71DCD7FAD6}
		{68043609-6B6D-4453-AD53-5916C98ED6CE} = {0A2C7362-CF4A-4F50-8187-7D3C8271A030}
	EndGlobalSection
	GlobalSection(ExtensibilityGlobals) = postSolution
		SolutionGuid = {6FB30D27-42DC-43FB-B5E0-862087A727DC}
	EndGlobalSection
EndGlobal
